// !$*UTF8*$!
{
	archiveVersion = 1;
	classes = {
	};
	objectVersion = 46;
	objects = {

/* Begin PBXBuildFile section */
		190B22A61C28ACE1009B8335 /* TrackViewController.m in Sources */ = {isa = PBXBuildFile; fileRef = 190B22A51C28ACE1009B8335 /* TrackViewController.m */; };
		19499B881C2878FC00B82355 /* Trilateration.m in Sources */ = {isa = PBXBuildFile; fileRef = 19499B871C2878FC00B82355 /* Trilateration.m */; };
		19499B8A1C288EE500B82355 /* NotificationCenter.framework in Frameworks */ = {isa = PBXBuildFile; fileRef = 19499B891C288EE500B82355 /* NotificationCenter.framework */; settings = {ATTRIBUTES = (Required, ); }; };
		1982A5511C1F8C020042AE7A /* main.m in Sources */ = {isa = PBXBuildFile; fileRef = 1982A5501C1F8C020042AE7A /* main.m */; };
		1982A5541C1F8C020042AE7A /* AppDelegate.m in Sources */ = {isa = PBXBuildFile; fileRef = 1982A5531C1F8C020042AE7A /* AppDelegate.m */; };
		1982A5571C1F8C020042AE7A /* ViewController.m in Sources */ = {isa = PBXBuildFile; fileRef = 1982A5561C1F8C020042AE7A /* ViewController.m */; };
		1982A55A1C1F8C020042AE7A /* Main.storyboard in Resources */ = {isa = PBXBuildFile; fileRef = 1982A5581C1F8C020042AE7A /* Main.storyboard */; };
		1982A55C1C1F8C020042AE7A /* Assets.xcassets in Resources */ = {isa = PBXBuildFile; fileRef = 1982A55B1C1F8C020042AE7A /* Assets.xcassets */; };
		1982A55F1C1F8C020042AE7A /* LaunchScreen.storyboard in Resources */ = {isa = PBXBuildFile; fileRef = 1982A55D1C1F8C020042AE7A /* LaunchScreen.storyboard */; };
		1982A5671C1F8C4E0042AE7A /* CoreBluetooth.framework in Frameworks */ = {isa = PBXBuildFile; fileRef = 1982A5661C1F8C4E0042AE7A /* CoreBluetooth.framework */; };
		19EE8B8A1C28305A002CCA05 /* beaconCoordinates.plist in Resources */ = {isa = PBXBuildFile; fileRef = 19EE8B891C28305A002CCA05 /* beaconCoordinates.plist */; };
		19EE8B901C285A72002CCA05 /* PositioningViewController.m in Sources */ = {isa = PBXBuildFile; fileRef = 19EE8B8F1C285A72002CCA05 /* PositioningViewController.m */; };
/* End PBXBuildFile section */

/* Begin PBXFileReference section */
		190B22A41C28ACE1009B8335 /* TrackViewController.h */ = {isa = PBXFileReference; fileEncoding = 4; lastKnownFileType = sourcecode.c.h; path = TrackViewController.h; sourceTree = "<group>"; };
		190B22A51C28ACE1009B8335 /* TrackViewController.m */ = {isa = PBXFileReference; fileEncoding = 4; lastKnownFileType = sourcecode.c.objc; path = TrackViewController.m; sourceTree = "<group>"; };
		19499B861C2878FC00B82355 /* Trilateration.h */ = {isa = PBXFileReference; fileEncoding = 4; lastKnownFileType = sourcecode.c.h; path = Trilateration.h; sourceTree = "<group>"; };
		19499B871C2878FC00B82355 /* Trilateration.m */ = {isa = PBXFileReference; fileEncoding = 4; lastKnownFileType = sourcecode.c.objc; path = Trilateration.m; sourceTree = "<group>"; };
		19499B891C288EE500B82355 /* NotificationCenter.framework */ = {isa = PBXFileReference; lastKnownFileType = wrapper.framework; name = NotificationCenter.framework; path = System/Library/Frameworks/NotificationCenter.framework; sourceTree = SDKROOT; };
		1982A54C1C1F8C020042AE7A /* iHere6.app */ = {isa = PBXFileReference; explicitFileType = wrapper.application; includeInIndex = 0; path = iHere6.app; sourceTree = BUILT_PRODUCTS_DIR; };
		1982A5501C1F8C020042AE7A /* main.m */ = {isa = PBXFileReference; lastKnownFileType = sourcecode.c.objc; path = main.m; sourceTree = "<group>"; };
		1982A5521C1F8C020042AE7A /* AppDelegate.h */ = {isa = PBXFileReference; lastKnownFileType = sourcecode.c.h; path = AppDelegate.h; sourceTree = "<group>"; };
		1982A5531C1F8C020042AE7A /* AppDelegate.m */ = {isa = PBXFileReference; lastKnownFileType = sourcecode.c.objc; path = AppDelegate.m; sourceTree = "<group>"; };
		1982A5551C1F8C020042AE7A /* ViewController.h */ = {isa = PBXFileReference; lastKnownFileType = sourcecode.c.h; path = ViewController.h; sourceTree = "<group>"; };
		1982A5561C1F8C020042AE7A /* ViewController.m */ = {isa = PBXFileReference; lastKnownFileType = sourcecode.c.objc; path = ViewController.m; sourceTree = "<group>"; };
		1982A5591C1F8C020042AE7A /* Base */ = {isa = PBXFileReference; lastKnownFileType = file.storyboard; name = Base; path = Base.lproj/Main.storyboard; sourceTree = "<group>"; };
		1982A55B1C1F8C020042AE7A /* Assets.xcassets */ = {isa = PBXFileReference; lastKnownFileType = folder.assetcatalog; path = Assets.xcassets; sourceTree = "<group>"; };
		1982A55E1C1F8C020042AE7A /* Base */ = {isa = PBXFileReference; lastKnownFileType = file.storyboard; name = Base; path = Base.lproj/LaunchScreen.storyboard; sourceTree = "<group>"; };
		1982A5601C1F8C020042AE7A /* Info.plist */ = {isa = PBXFileReference; lastKnownFileType = text.plist.xml; path = Info.plist; sourceTree = "<group>"; };
		1982A5661C1F8C4E0042AE7A /* CoreBluetooth.framework */ = {isa = PBXFileReference; lastKnownFileType = wrapper.framework; name = CoreBluetooth.framework; path = System/Library/Frameworks/CoreBluetooth.framework; sourceTree = SDKROOT; };
		19EE8B891C28305A002CCA05 /* beaconCoordinates.plist */ = {isa = PBXFileReference; fileEncoding = 4; lastKnownFileType = text.plist.xml; path = beaconCoordinates.plist; sourceTree = "<group>"; };
		19EE8B8E1C285A72002CCA05 /* PositioningViewController.h */ = {isa = PBXFileReference; fileEncoding = 4; lastKnownFileType = sourcecode.c.h; path = PositioningViewController.h; sourceTree = "<group>"; };
		19EE8B8F1C285A72002CCA05 /* PositioningViewController.m */ = {isa = PBXFileReference; fileEncoding = 4; lastKnownFileType = sourcecode.c.objc; path = PositioningViewController.m; sourceTree = "<group>"; };
/* End PBXFileReference section */

/* Begin PBXFrameworksBuildPhase section */
		1982A5491C1F8C010042AE7A /* Frameworks */ = {
			isa = PBXFrameworksBuildPhase;
			buildActionMask = 2147483647;
			files = (
				19499B8A1C288EE500B82355 /* NotificationCenter.framework in Frameworks */,
				1982A5671C1F8C4E0042AE7A /* CoreBluetooth.framework in Frameworks */,
			);
			runOnlyForDeploymentPostprocessing = 0;
		};
/* End PBXFrameworksBuildPhase section */

/* Begin PBXGroup section */
		1982A5431C1F8C010042AE7A = {
			isa = PBXGroup;
			children = (
				19499B891C288EE500B82355 /* NotificationCenter.framework */,
				1982A5661C1F8C4E0042AE7A /* CoreBluetooth.framework */,
				1982A54E1C1F8C020042AE7A /* iHere6 */,
				1982A54D1C1F8C020042AE7A /* Products */,
			);
			sourceTree = "<group>";
		};
		1982A54D1C1F8C020042AE7A /* Products */ = {
			isa = PBXGroup;
			children = (
				1982A54C1C1F8C020042AE7A /* iHere6.app */,
			);
			name = Products;
			sourceTree = "<group>";
		};
		1982A54E1C1F8C020042AE7A /* iHere6 */ = {
			isa = PBXGroup;
			children = (
				1982A5521C1F8C020042AE7A /* AppDelegate.h */,
				1982A5531C1F8C020042AE7A /* AppDelegate.m */,
				1982A5551C1F8C020042AE7A /* ViewController.h */,
				1982A5561C1F8C020042AE7A /* ViewController.m */,
				1982A5581C1F8C020042AE7A /* Main.storyboard */,
				190B22A41C28ACE1009B8335 /* TrackViewController.h */,
				190B22A51C28ACE1009B8335 /* TrackViewController.m */,
				19EE8B8E1C285A72002CCA05 /* PositioningViewController.h */,
				19EE8B8F1C285A72002CCA05 /* PositioningViewController.m */,
				1982A55B1C1F8C020042AE7A /* Assets.xcassets */,
				1982A55D1C1F8C020042AE7A /* LaunchScreen.storyboard */,
				1982A5601C1F8C020042AE7A /* Info.plist */,
				19EE8B881C283012002CCA05 /* Trilateration */,
				1982A54F1C1F8C020042AE7A /* Supporting Files */,
			);
			path = iHere6;
			sourceTree = "<group>";
		};
		1982A54F1C1F8C020042AE7A /* Supporting Files */ = {
			isa = PBXGroup;
			children = (
				1982A5501C1F8C020042AE7A /* main.m */,
			);
			name = "Supporting Files";
			sourceTree = "<group>";
		};
		19EE8B881C283012002CCA05 /* Trilateration */ = {
			isa = PBXGroup;
			children = (
				19EE8B891C28305A002CCA05 /* beaconCoordinates.plist */,
				19499B861C2878FC00B82355 /* Trilateration.h */,
				19499B871C2878FC00B82355 /* Trilateration.m */,
			);
			name = Trilateration;
			sourceTree = "<group>";
		};
/* End PBXGroup section */

/* Begin PBXNativeTarget section */
		1982A54B1C1F8C010042AE7A /* iHere6 */ = {
			isa = PBXNativeTarget;
			buildConfigurationList = 1982A5631C1F8C020042AE7A /* Build configuration list for PBXNativeTarget "iHere6" */;
			buildPhases = (
				1982A5481C1F8C010042AE7A /* Sources */,
				1982A5491C1F8C010042AE7A /* Frameworks */,
				1982A54A1C1F8C010042AE7A /* Resources */,
			);
			buildRules = (
			);
			dependencies = (
			);
			name = iHere6;
			productName = iHere6;
			productReference = 1982A54C1C1F8C020042AE7A /* iHere6.app */;
			productType = "com.apple.product-type.application";
		};
/* End PBXNativeTarget section */

/* Begin PBXProject section */
		1982A5441C1F8C010042AE7A /* Project object */ = {
			isa = PBXProject;
			attributes = {
				LastUpgradeCheck = 0710;
				ORGANIZATIONNAME = Shiva;
				TargetAttributes = {
					1982A54B1C1F8C010042AE7A = {
						CreatedOnToolsVersion = 7.1;
						SystemCapabilities = {
							com.apple.BackgroundModes = {
								enabled = 1;
							};
						};
					};
				};
			};
			buildConfigurationList = 1982A5471C1F8C010042AE7A /* Build configuration list for PBXProject "iHere6" */;
			compatibilityVersion = "Xcode 3.2";
			developmentRegion = English;
			hasScannedForEncodings = 0;
			knownRegions = (
				en,
				Base,
			);
			mainGroup = 1982A5431C1F8C010042AE7A;
			productRefGroup = 1982A54D1C1F8C020042AE7A /* Products */;
			projectDirPath = "";
			projectRoot = "";
			targets = (
				1982A54B1C1F8C010042AE7A /* iHere6 */,
			);
		};
/* End PBXProject section */

/* Begin PBXResourcesBuildPhase section */
		1982A54A1C1F8C010042AE7A /* Resources */ = {
			isa = PBXResourcesBuildPhase;
			buildActionMask = 2147483647;
			files = (
				19EE8B8A1C28305A002CCA05 /* beaconCoordinates.plist in Resources */,
				1982A55F1C1F8C020042AE7A /* LaunchScreen.storyboard in Resources */,
				1982A55C1C1F8C020042AE7A /* Assets.xcassets in Resources */,
				1982A55A1C1F8C020042AE7A /* Main.storyboard in Resources */,
			);
			runOnlyForDeploymentPostprocessing = 0;
		};
/* End PBXResourcesBuildPhase section */

/* Begin PBXSourcesBuildPhase section */
		1982A5481C1F8C010042AE7A /* Sources */ = {
			isa = PBXSourcesBuildPhase;
			buildActionMask = 2147483647;
			files = (
				19EE8B901C285A72002CCA05 /* PositioningViewController.m in Sources */,
				19499B881C2878FC00B82355 /* Trilateration.m in Sources */,
				190B22A61C28ACE1009B8335 /* TrackViewController.m in Sources */,
				1982A5571C1F8C020042AE7A /* ViewController.m in Sources */,
				1982A5541C1F8C020042AE7A /* AppDelegate.m in Sources */,
				1982A5511C1F8C020042AE7A /* main.m in Sources */,
			);
			runOnlyForDeploymentPostprocessing = 0;
		};
/* End PBXSourcesBuildPhase section */

/* Begin PBXVariantGroup section */
		1982A5581C1F8C020042AE7A /* Main.storyboard */ = {
			isa = PBXVariantGroup;
			children = (
				1982A5591C1F8C020042AE7A /* Base */,
			);
			name = Main.storyboard;
			sourceTree = "<group>";
		};
		1982A55D1C1F8C020042AE7A /* LaunchScreen.storyboard */ = {
			isa = PBXVariantGroup;
			children = (
				1982A55E1C1F8C020042AE7A /* Base */,
			);
			name = LaunchScreen.storyboard;
			sourceTree = "<group>";
		};
/* End PBXVariantGroup section */

/* Begin XCBuildConfiguration section */
		1982A5611C1F8C020042AE7A /* Debug */ = {
			isa = XCBuildConfiguration;
			buildSettings = {
				ALWAYS_SEARCH_USER_PATHS = NO;
				CLANG_CXX_LANGUAGE_STANDARD = "gnu++0x";
				CLANG_CXX_LIBRARY = "libc++";
				CLANG_ENABLE_MODULES = YES;
				CLANG_ENABLE_OBJC_ARC = YES;
				CLANG_WARN_BOOL_CONVERSION = YES;
				CLANG_WARN_CONSTANT_CONVERSION = YES;
				CLANG_WARN_DIRECT_OBJC_ISA_USAGE = YES_ERROR;
				CLANG_WARN_EMPTY_BODY = YES;
				CLANG_WARN_ENUM_CONVERSION = YES;
				CLANG_WARN_INT_CONVERSION = YES;
				CLANG_WARN_OBJC_ROOT_CLASS = YES_ERROR;
				CLANG_WARN_UNREACHABLE_CODE = YES;
				CLANG_WARN__DUPLICATE_METHOD_MATCH = YES;
				"CODE_SIGN_IDENTITY[sdk=iphoneos*]" = "iPhone Developer";
				COPY_PHASE_STRIP = NO;
				DEBUG_INFORMATION_FORMAT = dwarf;
				ENABLE_STRICT_OBJC_MSGSEND = YES;
				ENABLE_TESTABILITY = YES;
				GCC_C_LANGUAGE_STANDARD = gnu99;
				GCC_DYNAMIC_NO_PIC = NO;
				GCC_NO_COMMON_BLOCKS = YES;
				GCC_OPTIMIZATION_LEVEL = 0;
				GCC_PREPROCESSOR_DEFINITIONS = (
					"DEBUG=1",
					"$(inherited)",
				);
				GCC_WARN_64_TO_32_BIT_CONVERSION = YES;
				GCC_WARN_ABOUT_RETURN_TYPE = YES_ERROR;
				GCC_WARN_UNDECLARED_SELECTOR = YES;
				GCC_WARN_UNINITIALIZED_AUTOS = YES_AGGRESSIVE;
				GCC_WARN_UNUSED_FUNCTION = YES;
				GCC_WARN_UNUSED_VARIABLE = YES;
				IPHONEOS_DEPLOYMENT_TARGET = 9.1;
				MTL_ENABLE_DEBUG_INFO = YES;
				ONLY_ACTIVE_ARCH = YES;
				SDKROOT = iphoneos;
			};
			name = Debug;
		};
		1982A5621C1F8C020042AE7A /* Release */ = {
			isa = XCBuildConfiguration;
			buildSettings = {
				ALWAYS_SEARCH_USER_PATHS = NO;
				CLANG_CXX_LANGUAGE_STANDARD = "gnu++0x";
				CLANG_CXX_LIBRARY = "libc++";
				CLANG_ENABLE_MODULES = YES;
				CLANG_ENABLE_OBJC_ARC = YES;
				CLANG_WARN_BOOL_CONVERSION = YES;
				CLANG_WARN_CONSTANT_CONVERSION = YES;
				CLANG_WARN_DIRECT_OBJC_ISA_USAGE = YES_ERROR;
				CLANG_WARN_EMPTY_BODY = YES;
				CLANG_WARN_ENUM_CONVERSION = YES;
				CLANG_WARN_INT_CONVERSION = YES;
				CLANG_WARN_OBJC_ROOT_CLASS = YES_ERROR;
				CLANG_WARN_UNREACHABLE_CODE = YES;
				CLANG_WARN__DUPLICATE_METHOD_MATCH = YES;
				"CODE_SIGN_IDENTITY[sdk=iphoneos*]" = "iPhone Developer";
				COPY_PHASE_STRIP = NO;
				DEBUG_INFORMATION_FORMAT = "dwarf-with-dsym";
				ENABLE_NS_ASSERTIONS = NO;
				ENABLE_STRICT_OBJC_MSGSEND = YES;
				GCC_C_LANGUAGE_STANDARD = gnu99;
				GCC_NO_COMMON_BLOCKS = YES;
				GCC_WARN_64_TO_32_BIT_CONVERSION = YES;
				GCC_WARN_ABOUT_RETURN_TYPE = YES_ERROR;
				GCC_WARN_UNDECLARED_SELECTOR = YES;
				GCC_WARN_UNINITIALIZED_AUTOS = YES_AGGRESSIVE;
				GCC_WARN_UNUSED_FUNCTION = YES;
				GCC_WARN_UNUSED_VARIABLE = YES;
				IPHONEOS_DEPLOYMENT_TARGET = 9.1;
				MTL_ENABLE_DEBUG_INFO = NO;
				SDKROOT = iphoneos;
				VALIDATE_PRODUCT = YES;
			};
			name = Release;
		};
		1982A5641C1F8C020042AE7A /* Debug */ = {
			isa = XCBuildConfiguration;
			buildSettings = {
				INFOPLIST_FILE = iHere6/Info.plist;
				IPHONEOS_DEPLOYMENT_TARGET = 8.0;
				LD_RUNPATH_SEARCH_PATHS = "$(inherited) @executable_path/Frameworks";
				PRODUCT_BUNDLE_IDENTIFIER = com.mycompany.iHere6;
				PRODUCT_NAME = "$(TARGET_NAME)";
			};
			name = Debug;
		};
		1982A5651C1F8C020042AE7A /* Release */ = {
			isa = XCBuildConfiguration;
			buildSettings = {
				INFOPLIST_FILE = iHere6/Info.plist;
				IPHONEOS_DEPLOYMENT_TARGET = 8.0;
				LD_RUNPATH_SEARCH_PATHS = "$(inherited) @executable_path/Frameworks";
				PRODUCT_BUNDLE_IDENTIFIER = com.mycompany.iHere6;
				PRODUCT_NAME = "$(TARGET_NAME)";
			};
			name = Release;
		};
/* End XCBuildConfiguration section */

/* Begin XCConfigurationList section */
		1982A5471C1F8C010042AE7A /* Build configuration list for PBXProject "iHere6" */ = {
			isa = XCConfigurationList;
			buildConfigurations = (
				1982A5611C1F8C020042AE7A /* Debug */,
				1982A5621C1F8C020042AE7A /* Release */,
			);
			defaultConfigurationIsVisible = 0;
			defaultConfigurationName = Release;
		};
		1982A5631C1F8C020042AE7A /* Build configuration list for PBXNativeTarget "iHere6" */ = {
			isa = XCConfigurationList;
			buildConfigurations = (
				1982A5641C1F8C020042AE7A /* Debug */,
				1982A5651C1F8C020042AE7A /* Release */,
			);
			defaultConfigurationIsVisible = 0;
			defaultConfigurationName = Release;
		};
/* End XCConfigurationList section */
	};
	rootObject = 1982A5441C1F8C010042AE7A /* Project object */;
}
